// !$*UTF8*$!
{
	archiveVersion = 1;
	classes = {
	};
	objectVersion = 46;
	objects = {

/* Begin PBXBuildFile section */
		5D9F4D6C6BFA99C4D0C515BD /* libPods-XYArrowAlertView.a in Frameworks */ = {isa = PBXBuildFile; fileRef = B5A6121C80FBCA549B5B2DCE /* libPods-XYArrowAlertView.a */; };
		A2E8C0D11EC9A01B00C7CEFB /* main.m in Sources */ = {isa = PBXBuildFile; fileRef = A2E8C0D01EC9A01B00C7CEFB /* main.m */; };
		A2E8C0D41EC9A01B00C7CEFB /* AppDelegate.m in Sources */ = {isa = PBXBuildFile; fileRef = A2E8C0D31EC9A01B00C7CEFB /* AppDelegate.m */; };
		A2E8C0D71EC9A01B00C7CEFB /* ViewController.m in Sources */ = {isa = PBXBuildFile; fileRef = A2E8C0D61EC9A01B00C7CEFB /* ViewController.m */; };
		A2E8C0DA1EC9A01B00C7CEFB /* Main.storyboard in Resources */ = {isa = PBXBuildFile; fileRef = A2E8C0D81EC9A01B00C7CEFB /* Main.storyboard */; };
		A2E8C0DC1EC9A01B00C7CEFB /* Assets.xcassets in Resources */ = {isa = PBXBuildFile; fileRef = A2E8C0DB1EC9A01B00C7CEFB /* Assets.xcassets */; };
		A2E8C0DF1EC9A01B00C7CEFB /* LaunchScreen.storyboard in Resources */ = {isa = PBXBuildFile; fileRef = A2E8C0DD1EC9A01B00C7CEFB /* LaunchScreen.storyboard */; };
		A2E8C0EA1EC9A01B00C7CEFB /* XYArrowAlertViewTests.m in Sources */ = {isa = PBXBuildFile; fileRef = A2E8C0E91EC9A01B00C7CEFB /* XYArrowAlertViewTests.m */; };
		A2E8C0F51EC9A01B00C7CEFB /* XYArrowAlertViewUITests.m in Sources */ = {isa = PBXBuildFile; fileRef = A2E8C0F41EC9A01B00C7CEFB /* XYArrowAlertViewUITests.m */; };
		A2E8C1051EC9A02F00C7CEFB /* XYArrowAlertView.m in Sources */ = {isa = PBXBuildFile; fileRef = A2E8C1041EC9A02F00C7CEFB /* XYArrowAlertView.m */; };
/* End PBXBuildFile section */

/* Begin PBXContainerItemProxy section */
		A2E8C0E61EC9A01B00C7CEFB /* PBXContainerItemProxy */ = {
			isa = PBXContainerItemProxy;
			containerPortal = A2E8C0C41EC9A01B00C7CEFB /* Project object */;
			proxyType = 1;
			remoteGlobalIDString = A2E8C0CB1EC9A01B00C7CEFB;
			remoteInfo = XYArrowAlertView;
		};
		A2E8C0F11EC9A01B00C7CEFB /* PBXContainerItemProxy */ = {
			isa = PBXContainerItemProxy;
			containerPortal = A2E8C0C41EC9A01B00C7CEFB /* Project object */;
			proxyType = 1;
			remoteGlobalIDString = A2E8C0CB1EC9A01B00C7CEFB;
			remoteInfo = XYArrowAlertView;
		};
/* End PBXContainerItemProxy section */

/* Begin PBXFileReference section */
		0BF244C8F2F898CDB0FD8562 /* Pods-XYArrowAlertView.release.xcconfig */ = {isa = PBXFileReference; includeInIndex = 1; lastKnownFileType = text.xcconfig; name = "Pods-XYArrowAlertView.release.xcconfig"; path = "Pods/Target Support Files/Pods-XYArrowAlertView/Pods-XYArrowAlertView.release.xcconfig"; sourceTree = "<group>"; };
		A2E8C0CC1EC9A01B00C7CEFB /* XYArrowAlertView.app */ = {isa = PBXFileReference; explicitFileType = wrapper.application; includeInIndex = 0; path = XYArrowAlertView.app; sourceTree = BUILT_PRODUCTS_DIR; };
		A2E8C0D01EC9A01B00C7CEFB /* main.m */ = {isa = PBXFileReference; lastKnownFileType = sourcecode.c.objc; path = main.m; sourceTree = "<group>"; };
		A2E8C0D21EC9A01B00C7CEFB /* AppDelegate.h */ = {isa = PBXFileReference; lastKnownFileType = sourcecode.c.h; path = AppDelegate.h; sourceTree = "<group>"; };
		A2E8C0D31EC9A01B00C7CEFB /* AppDelegate.m */ = {isa = PBXFileReference; lastKnownFileType = sourcecode.c.objc; path = AppDelegate.m; sourceTree = "<group>"; };
		A2E8C0D51EC9A01B00C7CEFB /* ViewController.h */ = {isa = PBXFileReference; lastKnownFileType = sourcecode.c.h; path = ViewController.h; sourceTree = "<group>"; };
		A2E8C0D61EC9A01B00C7CEFB /* ViewController.m */ = {isa = PBXFileReference; lastKnownFileType = sourcecode.c.objc; path = ViewController.m; sourceTree = "<group>"; };
		A2E8C0D91EC9A01B00C7CEFB /* Base */ = {isa = PBXFileReference; lastKnownFileType = file.storyboard; name = Base; path = Base.lproj/Main.storyboard; sourceTree = "<group>"; };
		A2E8C0DB1EC9A01B00C7CEFB /* Assets.xcassets */ = {isa = PBXFileReference; lastKnownFileType = folder.assetcatalog; path = Assets.xcassets; sourceTree = "<group>"; };
		A2E8C0DE1EC9A01B00C7CEFB /* Base */ = {isa = PBXFileReference; lastKnownFileType = file.storyboard; name = Base; path = Base.lproj/LaunchScreen.storyboard; sourceTree = "<group>"; };
		A2E8C0E01EC9A01B00C7CEFB /* Info.plist */ = {isa = PBXFileReference; lastKnownFileType = text.plist.xml; path = Info.plist; sourceTree = "<group>"; };
		A2E8C0E51EC9A01B00C7CEFB /* XYArrowAlertViewTests.xctest */ = {isa = PBXFileReference; explicitFileType = wrapper.cfbundle; includeInIndex = 0; path = XYArrowAlertViewTests.xctest; sourceTree = BUILT_PRODUCTS_DIR; };
		A2E8C0E91EC9A01B00C7CEFB /* XYArrowAlertViewTests.m */ = {isa = PBXFileReference; lastKnownFileType = sourcecode.c.objc; path = XYArrowAlertViewTests.m; sourceTree = "<group>"; };
		A2E8C0EB1EC9A01B00C7CEFB /* Info.plist */ = {isa = PBXFileReference; lastKnownFileType = text.plist.xml; path = Info.plist; sourceTree = "<group>"; };
		A2E8C0F01EC9A01B00C7CEFB /* XYArrowAlertViewUITests.xctest */ = {isa = PBXFileReference; explicitFileType = wrapper.cfbundle; includeInIndex = 0; path = XYArrowAlertViewUITests.xctest; sourceTree = BUILT_PRODUCTS_DIR; };
		A2E8C0F41EC9A01B00C7CEFB /* XYArrowAlertViewUITests.m */ = {isa = PBXFileReference; lastKnownFileType = sourcecode.c.objc; path = XYArrowAlertViewUITests.m; sourceTree = "<group>"; };
		A2E8C0F61EC9A01B00C7CEFB /* Info.plist */ = {isa = PBXFileReference; lastKnownFileType = text.plist.xml; path = Info.plist; sourceTree = "<group>"; };
		A2E8C1031EC9A02F00C7CEFB /* XYArrowAlertView.h */ = {isa = PBXFileReference; fileEncoding = 4; lastKnownFileType = sourcecode.c.h; path = XYArrowAlertView.h; sourceTree = "<group>"; };
		A2E8C1041EC9A02F00C7CEFB /* XYArrowAlertView.m */ = {isa = PBXFileReference; fileEncoding = 4; lastKnownFileType = sourcecode.c.objc; path = XYArrowAlertView.m; sourceTree = "<group>"; };
		B5A6121C80FBCA549B5B2DCE /* libPods-XYArrowAlertView.a */ = {isa = PBXFileReference; explicitFileType = archive.ar; includeInIndex = 0; path = "libPods-XYArrowAlertView.a"; sourceTree = BUILT_PRODUCTS_DIR; };
		E88F6A58C5C1FC7626CE33AB /* Pods-XYArrowAlertView.debug.xcconfig */ = {isa = PBXFileReference; includeInIndex = 1; lastKnownFileType = text.xcconfig; name = "Pods-XYArrowAlertView.debug.xcconfig"; path = "Pods/Target Support Files/Pods-XYArrowAlertView/Pods-XYArrowAlertView.debug.xcconfig"; sourceTree = "<group>"; };
/* End PBXFileReference section */

/* Begin PBXFrameworksBuildPhase section */
		A2E8C0C91EC9A01B00C7CEFB /* Frameworks */ = {
			isa = PBXFrameworksBuildPhase;
			buildActionMask = 2147483647;
			files = (
				5D9F4D6C6BFA99C4D0C515BD /* libPods-XYArrowAlertView.a in Frameworks */,
			);
			runOnlyForDeploymentPostprocessing = 0;
		};
		A2E8C0E21EC9A01B00C7CEFB /* Frameworks */ = {
			isa = PBXFrameworksBuildPhase;
			buildActionMask = 2147483647;
			files = (
			);
			runOnlyForDeploymentPostprocessing = 0;
		};
		A2E8C0ED1EC9A01B00C7CEFB /* Frameworks */ = {
			isa = PBXFrameworksBuildPhase;
			buildActionMask = 2147483647;
			files = (
			);
			runOnlyForDeploymentPostprocessing = 0;
		};
/* End PBXFrameworksBuildPhase section */

/* Begin PBXGroup section */
		A2E8C0C31EC9A01B00C7CEFB = {
			isa = PBXGroup;
			children = (
				A2E8C0CE1EC9A01B00C7CEFB /* XYArrowAlertView */,
				A2E8C0E81EC9A01B00C7CEFB /* XYArrowAlertViewTests */,
				A2E8C0F31EC9A01B00C7CEFB /* XYArrowAlertViewUITests */,
				A2E8C0CD1EC9A01B00C7CEFB /* Products */,
				DA5D5E5BA791626329EEC2FD /* Pods */,
				ECA0EAA962AA742C8FC96F59 /* Frameworks */,
			);
			sourceTree = "<group>";
		};
		A2E8C0CD1EC9A01B00C7CEFB /* Products */ = {
			isa = PBXGroup;
			children = (
				A2E8C0CC1EC9A01B00C7CEFB /* XYArrowAlertView.app */,
				A2E8C0E51EC9A01B00C7CEFB /* XYArrowAlertViewTests.xctest */,
				A2E8C0F01EC9A01B00C7CEFB /* XYArrowAlertViewUITests.xctest */,
			);
			name = Products;
			sourceTree = "<group>";
		};
		A2E8C0CE1EC9A01B00C7CEFB /* XYArrowAlertView */ = {
			isa = PBXGroup;
			children = (
				A2E8C1021EC9A02F00C7CEFB /* XYArrowAlertView */,
				A2E8C0D21EC9A01B00C7CEFB /* AppDelegate.h */,
				A2E8C0D31EC9A01B00C7CEFB /* AppDelegate.m */,
				A2E8C0D51EC9A01B00C7CEFB /* ViewController.h */,
				A2E8C0D61EC9A01B00C7CEFB /* ViewController.m */,
				A2E8C0D81EC9A01B00C7CEFB /* Main.storyboard */,
				A2E8C0DB1EC9A01B00C7CEFB /* Assets.xcassets */,
				A2E8C0DD1EC9A01B00C7CEFB /* LaunchScreen.storyboard */,
				A2E8C0E01EC9A01B00C7CEFB /* Info.plist */,
				A2E8C0CF1EC9A01B00C7CEFB /* Supporting Files */,
			);
			path = XYArrowAlertView;
			sourceTree = "<group>";
		};
		A2E8C0CF1EC9A01B00C7CEFB /* Supporting Files */ = {
			isa = PBXGroup;
			children = (
				A2E8C0D01EC9A01B00C7CEFB /* main.m */,
			);
			name = "Supporting Files";
			sourceTree = "<group>";
		};
		A2E8C0E81EC9A01B00C7CEFB /* XYArrowAlertViewTests */ = {
			isa = PBXGroup;
			children = (
				A2E8C0E91EC9A01B00C7CEFB /* XYArrowAlertViewTests.m */,
				A2E8C0EB1EC9A01B00C7CEFB /* Info.plist */,
			);
			path = XYArrowAlertViewTests;
			sourceTree = "<group>";
		};
		A2E8C0F31EC9A01B00C7CEFB /* XYArrowAlertViewUITests */ = {
			isa = PBXGroup;
			children = (
				A2E8C0F41EC9A01B00C7CEFB /* XYArrowAlertViewUITests.m */,
				A2E8C0F61EC9A01B00C7CEFB /* Info.plist */,
			);
			path = XYArrowAlertViewUITests;
			sourceTree = "<group>";
		};
		A2E8C1021EC9A02F00C7CEFB /* XYArrowAlertView */ = {
			isa = PBXGroup;
			children = (
				A2E8C1031EC9A02F00C7CEFB /* XYArrowAlertView.h */,
				A2E8C1041EC9A02F00C7CEFB /* XYArrowAlertView.m */,
			);
			path = XYArrowAlertView;
			sourceTree = "<group>";
		};
		DA5D5E5BA791626329EEC2FD /* Pods */ = {
			isa = PBXGroup;
			children = (
				E88F6A58C5C1FC7626CE33AB /* Pods-XYArrowAlertView.debug.xcconfig */,
				0BF244C8F2F898CDB0FD8562 /* Pods-XYArrowAlertView.release.xcconfig */,
			);
			name = Pods;
			sourceTree = "<group>";
		};
		ECA0EAA962AA742C8FC96F59 /* Frameworks */ = {
			isa = PBXGroup;
			children = (
				B5A6121C80FBCA549B5B2DCE /* libPods-XYArrowAlertView.a */,
			);
			name = Frameworks;
			sourceTree = "<group>";
		};
/* End PBXGroup section */

/* Begin PBXNativeTarget section */
		A2E8C0CB1EC9A01B00C7CEFB /* XYArrowAlertView */ = {
			isa = PBXNativeTarget;
			buildConfigurationList = A2E8C0F91EC9A01B00C7CEFB /* Build configuration list for PBXNativeTarget "XYArrowAlertView" */;
			buildPhases = (
				D19911204642E4FE93C81083 /* [CP] Check Pods Manifest.lock */,
				A2E8C0C81EC9A01B00C7CEFB /* Sources */,
				A2E8C0C91EC9A01B00C7CEFB /* Frameworks */,
				A2E8C0CA1EC9A01B00C7CEFB /* Resources */,
				B738E2021893EB62D6F79AB1 /* [CP] Embed Pods Frameworks */,
				34096AA35B6AB4C9823D3500 /* [CP] Copy Pods Resources */,
			);
			buildRules = (
			);
			dependencies = (
			);
			name = XYArrowAlertView;
			productName = XYArrowAlertView;
			productReference = A2E8C0CC1EC9A01B00C7CEFB /* XYArrowAlertView.app */;
			productType = "com.apple.product-type.application";
		};
		A2E8C0E41EC9A01B00C7CEFB /* XYArrowAlertViewTests */ = {
			isa = PBXNativeTarget;
			buildConfigurationList = A2E8C0FC1EC9A01B00C7CEFB /* Build configuration list for PBXNativeTarget "XYArrowAlertViewTests" */;
			buildPhases = (
				A2E8C0E11EC9A01B00C7CEFB /* Sources */,
				A2E8C0E21EC9A01B00C7CEFB /* Frameworks */,
				A2E8C0E31EC9A01B00C7CEFB /* Resources */,
			);
			buildRules = (
			);
			dependencies = (
				A2E8C0E71EC9A01B00C7CEFB /* PBXTargetDependency */,
			);
			name = XYArrowAlertViewTests;
			productName = XYArrowAlertViewTests;
			productReference = A2E8C0E51EC9A01B00C7CEFB /* XYArrowAlertViewTests.xctest */;
			productType = "com.apple.product-type.bundle.unit-test";
		};
		A2E8C0EF1EC9A01B00C7CEFB /* XYArrowAlertViewUITests */ = {
			isa = PBXNativeTarget;
			buildConfigurationList = A2E8C0FF1EC9A01B00C7CEFB /* Build configuration list for PBXNativeTarget "XYArrowAlertViewUITests" */;
			buildPhases = (
				A2E8C0EC1EC9A01B00C7CEFB /* Sources */,
				A2E8C0ED1EC9A01B00C7CEFB /* Frameworks */,
				A2E8C0EE1EC9A01B00C7CEFB /* Resources */,
			);
			buildRules = (
			);
			dependencies = (
				A2E8C0F21EC9A01B00C7CEFB /* PBXTargetDependency */,
			);
			name = XYArrowAlertViewUITests;
			productName = XYArrowAlertViewUITests;
			productReference = A2E8C0F01EC9A01B00C7CEFB /* XYArrowAlertViewUITests.xctest */;
			productType = "com.apple.product-type.bundle.ui-testing";
		};
/* End PBXNativeTarget section */

/* Begin PBXProject section */
		A2E8C0C41EC9A01B00C7CEFB /* Project object */ = {
			isa = PBXProject;
			attributes = {
				LastUpgradeCheck = 0820;
				ORGANIZATIONNAME = "Xue Yang";
				TargetAttributes = {
					A2E8C0CB1EC9A01B00C7CEFB = {
						CreatedOnToolsVersion = 8.2.1;
						DevelopmentTeam = M92773JU7J;
						ProvisioningStyle = Automatic;
					};
					A2E8C0E41EC9A01B00C7CEFB = {
						CreatedOnToolsVersion = 8.2.1;
						DevelopmentTeam = M92773JU7J;
						ProvisioningStyle = Automatic;
						TestTargetID = A2E8C0CB1EC9A01B00C7CEFB;
					};
					A2E8C0EF1EC9A01B00C7CEFB = {
						CreatedOnToolsVersion = 8.2.1;
						DevelopmentTeam = M92773JU7J;
						ProvisioningStyle = Automatic;
						TestTargetID = A2E8C0CB1EC9A01B00C7CEFB;
					};
				};
			};
			buildConfigurationList = A2E8C0C71EC9A01B00C7CEFB /* Build configuration list for PBXProject "XYArrowAlertView" */;
			compatibilityVersion = "Xcode 3.2";
			developmentRegion = English;
			hasScannedForEncodings = 0;
			knownRegions = (
				en,
				Base,
			);
			mainGroup = A2E8C0C31EC9A01B00C7CEFB;
			productRefGroup = A2E8C0CD1EC9A01B00C7CEFB /* Products */;
			projectDirPath = "";
			projectRoot = "";
			targets = (
				A2E8C0CB1EC9A01B00C7CEFB /* XYArrowAlertView */,
				A2E8C0E41EC9A01B00C7CEFB /* XYArrowAlertViewTests */,
				A2E8C0EF1EC9A01B00C7CEFB /* XYArrowAlertViewUITests */,
			);
		};
/* End PBXProject section */

/* Begin PBXResourcesBuildPhase section */
		A2E8C0CA1EC9A01B00C7CEFB /* Resources */ = {
			isa = PBXResourcesBuildPhase;
			buildActionMask = 2147483647;
			files = (
				A2E8C0DF1EC9A01B00C7CEFB /* LaunchScreen.storyboard in Resources */,
				A2E8C0DC1EC9A01B00C7CEFB /* Assets.xcassets in Resources */,
				A2E8C0DA1EC9A01B00C7CEFB /* Main.storyboard in Resources */,
			);
			runOnlyForDeploymentPostprocessing = 0;
		};
		A2E8C0E31EC9A01B00C7CEFB /* Resources */ = {
			isa = PBXResourcesBuildPhase;
			buildActionMask = 2147483647;
			files = (
			);
			runOnlyForDeploymentPostprocessing = 0;
		};
		A2E8C0EE1EC9A01B00C7CEFB /* Resources */ = {
			isa = PBXResourcesBuildPhase;
			buildActionMask = 2147483647;
			files = (
			);
			runOnlyForDeploymentPostprocessing = 0;
		};
/* End PBXResourcesBuildPhase section */

/* Begin PBXShellScriptBuildPhase section */
		34096AA35B6AB4C9823D3500 /* [CP] Copy Pods Resources */ = {
			isa = PBXShellScriptBuildPhase;
			buildActionMask = 2147483647;
			files = (
			);
			inputPaths = (
			);
			name = "[CP] Copy Pods Resources";
			outputPaths = (
			);
			runOnlyForDeploymentPostprocessing = 0;
			shellPath = /bin/sh;
			shellScript = "\"${SRCROOT}/Pods/Target Support Files/Pods-XYArrowAlertView/Pods-XYArrowAlertView-resources.sh\"\n";
			showEnvVarsInLog = 0;
		};
		B738E2021893EB62D6F79AB1 /* [CP] Embed Pods Frameworks */ = {
			isa = PBXShellScriptBuildPhase;
			buildActionMask = 2147483647;
			files = (
			);
			inputPaths = (
			);
			name = "[CP] Embed Pods Frameworks";
			outputPaths = (
			);
			runOnlyForDeploymentPostprocessing = 0;
			shellPath = /bin/sh;
			shellScript = "\"${SRCROOT}/Pods/Target Support Files/Pods-XYArrowAlertView/Pods-XYArrowAlertView-frameworks.sh\"\n";
			showEnvVarsInLog = 0;
		};
		D19911204642E4FE93C81083 /* [CP] Check Pods Manifest.lock */ = {
			isa = PBXShellScriptBuildPhase;
			buildActionMask = 2147483647;
			files = (
			);
			inputPaths = (
			);
			name = "[CP] Check Pods Manifest.lock";
			outputPaths = (
			);
			runOnlyForDeploymentPostprocessing = 0;
			shellPath = /bin/sh;
			shellScript = "diff \"${PODS_ROOT}/../Podfile.lock\" \"${PODS_ROOT}/Manifest.lock\" > /dev/null\nif [ $? != 0 ] ; then\n    # print error to STDERR\n    echo \"error: The sandbox is not in sync with the Podfile.lock. Run 'pod install' or update your CocoaPods installation.\" >&2\n    exit 1\nfi\n";
			showEnvVarsInLog = 0;
		};
/* End PBXShellScriptBuildPhase section */

/* Begin PBXSourcesBuildPhase section */
		A2E8C0C81EC9A01B00C7CEFB /* Sources */ = {
			isa = PBXSourcesBuildPhase;
			buildActionMask = 2147483647;
			files = (
				A2E8C1051EC9A02F00C7CEFB /* XYArrowAlertView.m in Sources */,
				A2E8C0D71EC9A01B00C7CEFB /* ViewController.m in Sources */,
				A2E8C0D41EC9A01B00C7CEFB /* AppDelegate.m in Sources */,
				A2E8C0D11EC9A01B00C7CEFB /* main.m in Sources */,
			);
			runOnlyForDeploymentPostprocessing = 0;
		};
		A2E8C0E11EC9A01B00C7CEFB /* Sources */ = {
			isa = PBXSourcesBuildPhase;
			buildActionMask = 2147483647;
			files = (
				A2E8C0EA1EC9A01B00C7CEFB /* XYArrowAlertViewTests.m in Sources */,
			);
			runOnlyForDeploymentPostprocessing = 0;
		};
		A2E8C0EC1EC9A01B00C7CEFB /* Sources */ = {
			isa = PBXSourcesBuildPhase;
			buildActionMask = 2147483647;
			files = (
				A2E8C0F51EC9A01B00C7CEFB /* XYArrowAlertViewUITests.m in Sources */,
			);
			runOnlyForDeploymentPostprocessing = 0;
		};
/* End PBXSourcesBuildPhase section */

/* Begin PBXTargetDependency section */
		A2E8C0E71EC9A01B00C7CEFB /* PBXTargetDependency */ = {
			isa = PBXTargetDependency;
			target = A2E8C0CB1EC9A01B00C7CEFB /* XYArrowAlertView */;
			targetProxy = A2E8C0E61EC9A01B00C7CEFB /* PBXContainerItemProxy */;
		};
		A2E8C0F21EC9A01B00C7CEFB /* PBXTargetDependency */ = {
			isa = PBXTargetDependency;
			target = A2E8C0CB1EC9A01B00C7CEFB /* XYArrowAlertView */;
			targetProxy = A2E8C0F11EC9A01B00C7CEFB /* PBXContainerItemProxy */;
		};
/* End PBXTargetDependency section */

/* Begin PBXVariantGroup section */
		A2E8C0D81EC9A01B00C7CEFB /* Main.storyboard */ = {
			isa = PBXVariantGroup;
			children = (
				A2E8C0D91EC9A01B00C7CEFB /* Base */,
			);
			name = Main.storyboard;
			sourceTree = "<group>";
		};
		A2E8C0DD1EC9A01B00C7CEFB /* LaunchScreen.storyboard */ = {
			isa = PBXVariantGroup;
			children = (
				A2E8C0DE1EC9A01B00C7CEFB /* Base */,
			);
			name = LaunchScreen.storyboard;
			sourceTree = "<group>";
		};
/* End PBXVariantGroup section */

/* Begin XCBuildConfiguration section */
		A2E8C0F71EC9A01B00C7CEFB /* Debug */ = {
			isa = XCBuildConfiguration;
			buildSettings = {
				ALWAYS_SEARCH_USER_PATHS = NO;
				CLANG_ANALYZER_NONNULL = YES;
				CLANG_CXX_LANGUAGE_STANDARD = "gnu++0x";
				CLANG_CXX_LIBRARY = "libc++";
				CLANG_ENABLE_MODULES = YES;
				CLANG_ENABLE_OBJC_ARC = YES;
				CLANG_WARN_BOOL_CONVERSION = YES;
				CLANG_WARN_CONSTANT_CONVERSION = YES;
				CLANG_WARN_DIRECT_OBJC_ISA_USAGE = YES_ERROR;
				CLANG_WARN_DOCUMENTATION_COMMENTS = YES;
				CLANG_WARN_EMPTY_BODY = YES;
				CLANG_WARN_ENUM_CONVERSION = YES;
				CLANG_WARN_INFINITE_RECURSION = YES;
				CLANG_WARN_INT_CONVERSION = YES;
				CLANG_WARN_OBJC_ROOT_CLASS = YES_ERROR;
				CLANG_WARN_SUSPICIOUS_MOVE = YES;
				CLANG_WARN_UNREACHABLE_CODE = YES;
				CLANG_WARN__DUPLICATE_METHOD_MATCH = YES;
				"CODE_SIGN_IDENTITY[sdk=iphoneos*]" = "iPhone Developer";
				COPY_PHASE_STRIP = NO;
				DEBUG_INFORMATION_FORMAT = dwarf;
				ENABLE_STRICT_OBJC_MSGSEND = YES;
				ENABLE_TESTABILITY = YES;
				GCC_C_LANGUAGE_STANDARD = gnu99;
				GCC_DYNAMIC_NO_PIC = NO;
				GCC_NO_COMMON_BLOCKS = YES;
				GCC_OPTIMIZATION_LEVEL = 0;
				GCC_PREPROCESSOR_DEFINITIONS = (
					"DEBUG=1",
					"$(inherited)",
				);
				GCC_WARN_64_TO_32_BIT_CONVERSION = YES;
				GCC_WARN_ABOUT_RETURN_TYPE = YES_ERROR;
				GCC_WARN_UNDECLARED_SELECTOR = YES;
				GCC_WARN_UNINITIALIZED_AUTOS = YES_AGGRESSIVE;
				GCC_WARN_UNUSED_FUNCTION = YES;
				GCC_WARN_UNUSED_VARIABLE = YES;
				IPHONEOS_DEPLOYMENT_TARGET = 10.2;
				MTL_ENABLE_DEBUG_INFO = YES;
				ONLY_ACTIVE_ARCH = YES;
				SDKROOT = iphoneos;
				TARGETED_DEVICE_FAMILY = "1,2";
			};
			name = Debug;
		};
		A2E8C0F81EC9A01B00C7CEFB /* Release */ = {
			isa = XCBuildConfiguration;
			buildSettings = {
				ALWAYS_SEARCH_USER_PATHS = NO;
				CLANG_ANALYZER_NONNULL = YES;
				CLANG_CXX_LANGUAGE_STANDARD = "gnu++0x";
				CLANG_CXX_LIBRARY = "libc++";
				CLANG_ENABLE_MODULES = YES;
				CLANG_ENABLE_OBJC_ARC = YES;
				CLANG_WARN_BOOL_CONVERSION = YES;
				CLANG_WARN_CONSTANT_CONVERSION = YES;
				CLANG_WARN_DIRECT_OBJC_ISA_USAGE = YES_ERROR;
				CLANG_WARN_DOCUMENTATION_COMMENTS = YES;
				CLANG_WARN_EMPTY_BODY = YES;
				CLANG_WARN_ENUM_CONVERSION = YES;
				CLANG_WARN_INFINITE_RECURSION = YES;
				CLANG_WARN_INT_CONVERSION = YES;
				CLANG_WARN_OBJC_ROOT_CLASS = YES_ERROR;
				CLANG_WARN_SUSPICIOUS_MOVE = YES;
				CLANG_WARN_UNREACHABLE_CODE = YES;
				CLANG_WARN__DUPLICATE_METHOD_MATCH = YES;
				"CODE_SIGN_IDENTITY[sdk=iphoneos*]" = "iPhone Developer";
				COPY_PHASE_STRIP = NO;
				DEBUG_INFORMATION_FORMAT = "dwarf-with-dsym";
				ENABLE_NS_ASSERTIONS = NO;
				ENABLE_STRICT_OBJC_MSGSEND = YES;
				GCC_C_LANGUAGE_STANDARD = gnu99;
				GCC_NO_COMMON_BLOCKS = YES;
				GCC_WARN_64_TO_32_BIT_CONVERSION = YES;
				GCC_WARN_ABOUT_RETURN_TYPE = YES_ERROR;
				GCC_WARN_UNDECLARED_SELECTOR = YES;
				GCC_WARN_UNINITIALIZED_AUTOS = YES_AGGRESSIVE;
				GCC_WARN_UNUSED_FUNCTION = YES;
				GCC_WARN_UNUSED_VARIABLE = YES;
				IPHONEOS_DEPLOYMENT_TARGET = 10.2;
				MTL_ENABLE_DEBUG_INFO = NO;
				SDKROOT = iphoneos;
				TARGETED_DEVICE_FAMILY = "1,2";
				VALIDATE_PRODUCT = YES;
			};
			name = Release;
		};
		A2E8C0FA1EC9A01B00C7CEFB /* Debug */ = {
			isa = XCBuildConfiguration;
			baseConfigurationReference = E88F6A58C5C1FC7626CE33AB /* Pods-XYArrowAlertView.debug.xcconfig */;
			buildSettings = {
				ASSETCATALOG_COMPILER_APPICON_NAME = AppIcon;
				DEVELOPMENT_TEAM = M92773JU7J;
				INFOPLIST_FILE = XYArrowAlertView/Info.plist;
				LD_RUNPATH_SEARCH_PATHS = "$(inherited) @executable_path/Frameworks";
				PRODUCT_BUNDLE_IDENTIFIER = xueyang.XYArrowAlertView;
				PRODUCT_NAME = "$(TARGET_NAME)";
			};
			name = Debug;
		};
		A2E8C0FB1EC9A01B00C7CEFB /* Release */ = {
			isa = XCBuildConfiguration;
			baseConfigurationReference = 0BF244C8F2F898CDB0FD8562 /* Pods-XYArrowAlertView.release.xcconfig */;
			buildSettings = {
				ASSETCATALOG_COMPILER_APPICON_NAME = AppIcon;
				DEVELOPMENT_TEAM = M92773JU7J;
				INFOPLIST_FILE = XYArrowAlertView/Info.plist;
				LD_RUNPATH_SEARCH_PATHS = "$(inherited) @executable_path/Frameworks";
				PRODUCT_BUNDLE_IDENTIFIER = xueyang.XYArrowAlertView;
				PRODUCT_NAME = "$(TARGET_NAME)";
			};
			name = Release;
		};
		A2E8C0FD1EC9A01B00C7CEFB /* Debug */ = {
			isa = XCBuildConfiguration;
			buildSettings = {
				BUNDLE_LOADER = "$(TEST_HOST)";
				DEVELOPMENT_TEAM = M92773JU7J;
				INFOPLIST_FILE = XYArrowAlertViewTests/Info.plist;
				LD_RUNPATH_SEARCH_PATHS = "$(inherited) @executable_path/Frameworks @loader_path/Frameworks";
				PRODUCT_BUNDLE_IDENTIFIER = xueyang.XYArrowAlertViewTests;
				PRODUCT_NAME = "$(TARGET_NAME)";
				TEST_HOST = "$(BUILT_PRODUCTS_DIR)/XYArrowAlertView.app/XYArrowAlertView";
			};
			name = Debug;
		};
		A2E8C0FE1EC9A01B00C7CEFB /* Release */ = {
			isa = XCBuildConfiguration;
			buildSettings = {
				BUNDLE_LOADER = "$(TEST_HOST)";
				DEVELOPMENT_TEAM = M92773JU7J;
				INFOPLIST_FILE = XYArrowAlertViewTests/Info.plist;
				LD_RUNPATH_SEARCH_PATHS = "$(inherited) @executable_path/Frameworks @loader_path/Frameworks";
				PRODUCT_BUNDLE_IDENTIFIER = xueyang.XYArrowAlertViewTests;
				PRODUCT_NAME = "$(TARGET_NAME)";
				TEST_HOST = "$(BUILT_PRODUCTS_DIR)/XYArrowAlertView.app/XYArrowAlertView";
			};
			name = Release;
		};
		A2E8C1001EC9A01B00C7CEFB /* Debug */ = {
			isa = XCBuildConfiguration;
			buildSettings = {
				DEVELOPMENT_TEAM = M92773JU7J;
				INFOPLIST_FILE = XYArrowAlertViewUITests/Info.plist;
				LD_RUNPATH_SEARCH_PATHS = "$(inherited) @executable_path/Frameworks @loader_path/Frameworks";
				PRODUCT_BUNDLE_IDENTIFIER = xueyang.XYArrowAlertViewUITests;
				PRODUCT_NAME = "$(TARGET_NAME)";
				TEST_TARGET_NAME = XYArrowAlertView;
			};
			name = Debug;
		};
		A2E8C1011EC9A01B00C7CEFB /* Release */ = {
			isa = XCBuildConfiguration;
			buildSettings = {
				DEVELOPMENT_TEAM = M92773JU7J;
				INFOPLIST_FILE = XYArrowAlertViewUITests/Info.plist;
				LD_RUNPATH_SEARCH_PATHS = "$(inherited) @executable_path/Frameworks @loader_path/Frameworks";
				PRODUCT_BUNDLE_IDENTIFIER = xueyang.XYArrowAlertViewUITests;
				PRODUCT_NAME = "$(TARGET_NAME)";
				TEST_TARGET_NAME = XYArrowAlertView;
			};
			name = Release;
		};
/* End XCBuildConfiguration section */

/* Begin XCConfigurationList section */
		A2E8C0C71EC9A01B00C7CEFB /* Build configuration list for PBXProject "XYArrowAlertView" */ = {
			isa = XCConfigurationList;
			buildConfigurations = (
				A2E8C0F71EC9A01B00C7CEFB /* Debug */,
				A2E8C0F81EC9A01B00C7CEFB /* Release */,
			);
			defaultConfigurationIsVisible = 0;
			defaultConfigurationName = Release;
		};
		A2E8C0F91EC9A01B00C7CEFB /* Build configuration list for PBXNativeTarget "XYArrowAlertView" */ = {
			isa = XCConfigurationList;
			buildConfigurations = (
				A2E8C0FA1EC9A01B00C7CEFB /* Debug */,
				A2E8C0FB1EC9A01B00C7CEFB /* Release */,
			);
			defaultConfigurationIsVisible = 0;
		};
		A2E8C0FC1EC9A01B00C7CEFB /* Build configuration list for PBXNativeTarget "XYArrowAlertViewTests" */ = {
			isa = XCConfigurationList;
			buildConfigurations = (
				A2E8C0FD1EC9A01B00C7CEFB /* Debug */,
				A2E8C0FE1EC9A01B00C7CEFB /* Release */,
			);
			defaultConfigurationIsVisible = 0;
		};
		A2E8C0FF1EC9A01B00C7CEFB /* Build configuration list for PBXNativeTarget "XYArrowAlertViewUITests" */ = {
			isa = XCConfigurationList;
			buildConfigurations = (
				A2E8C1001EC9A01B00C7CEFB /* Debug */,
				A2E8C1011EC9A01B00C7CEFB /* Release */,
			);
			defaultConfigurationIsVisible = 0;
		};
/* End XCConfigurationList section */
	};
	rootObject = A2E8C0C41EC9A01B00C7CEFB /* Project object */;
}
